[0m[1mRefreshing Terraform state in-memory prior to plan...[0m
The refreshed state will be used to calculate this plan, but will not be
persisted to local or remote state storage.
[0m
[0m[1mdata.azurerm_image.packer-image: Refreshing state...[0m

------------------------------------------------------------------------

An execution plan has been generated and is shown below.
Resource actions are indicated with the following symbols:
  [32m+[0m create
[0m
Terraform will perform the following actions:

[1m  # azurerm_availability_set.dev_ops_project[0m will be created[0m[0m
[0m  [32m+[0m[0m resource "azurerm_availability_set" "dev_ops_project" {
      [32m+[0m [0m[1m[0mid[0m[0m                           = (known after apply)
      [32m+[0m [0m[1m[0mlocation[0m[0m                     = "westeurope"
      [32m+[0m [0m[1m[0mmanaged[0m[0m                      = true
      [32m+[0m [0m[1m[0mname[0m[0m                         = "azureDevOpsCourse-avset"
      [32m+[0m [0m[1m[0mplatform_fault_domain_count[0m[0m  = 2
      [32m+[0m [0m[1m[0mplatform_update_domain_count[0m[0m = 2
      [32m+[0m [0m[1m[0mresource_group_name[0m[0m          = "azureDevOpsCourse-resources"
    }

[1m  # azurerm_lb.dev_ops_project[0m will be created[0m[0m
[0m  [32m+[0m[0m resource "azurerm_lb" "dev_ops_project" {
      [32m+[0m [0m[1m[0mid[0m[0m                   = (known after apply)
      [32m+[0m [0m[1m[0mlocation[0m[0m             = "westeurope"
      [32m+[0m [0m[1m[0mname[0m[0m                 = "azureDevOpsCourse-lb"
      [32m+[0m [0m[1m[0mprivate_ip_address[0m[0m   = (known after apply)
      [32m+[0m [0m[1m[0mprivate_ip_addresses[0m[0m = (known after apply)
      [32m+[0m [0m[1m[0mresource_group_name[0m[0m  = "azureDevOpsCourse-resources"
      [32m+[0m [0m[1m[0msku[0m[0m                  = "Basic"

      [32m+[0m [0mfrontend_ip_configuration {
          [32m+[0m [0m[1m[0mid[0m[0m                            = (known after apply)
          [32m+[0m [0m[1m[0minbound_nat_rules[0m[0m             = (known after apply)
          [32m+[0m [0m[1m[0mload_balancer_rules[0m[0m           = (known after apply)
          [32m+[0m [0m[1m[0mname[0m[0m                          = "PublicIPAddress"
          [32m+[0m [0m[1m[0moutbound_rules[0m[0m                = (known after apply)
          [32m+[0m [0m[1m[0mprivate_ip_address[0m[0m            = (known after apply)
          [32m+[0m [0m[1m[0mprivate_ip_address_allocation[0m[0m = (known after apply)
          [32m+[0m [0m[1m[0mprivate_ip_address_version[0m[0m    = "IPv4"
          [32m+[0m [0m[1m[0mpublic_ip_address_id[0m[0m          = (known after apply)
          [32m+[0m [0m[1m[0mpublic_ip_prefix_id[0m[0m           = (known after apply)
          [32m+[0m [0m[1m[0msubnet_id[0m[0m                     = (known after apply)
        }
    }

[1m  # azurerm_lb_backend_address_pool.dev_ops_project[0m will be created[0m[0m
[0m  [32m+[0m[0m resource "azurerm_lb_backend_address_pool" "dev_ops_project" {
      [32m+[0m [0m[1m[0mbackend_ip_configurations[0m[0m = (known after apply)
      [32m+[0m [0m[1m[0mid[0m[0m                        = (known after apply)
      [32m+[0m [0m[1m[0mload_balancing_rules[0m[0m      = (known after apply)
      [32m+[0m [0m[1m[0mloadbalancer_id[0m[0m           = (known after apply)
      [32m+[0m [0m[1m[0mname[0m[0m                      = "BackEndAddressPool"
      [32m+[0m [0m[1m[0mresource_group_name[0m[0m       = "azureDevOpsCourse-resources"
    }

[1m  # azurerm_lb_nat_rule.dev_ops_project[0m will be created[0m[0m
[0m  [32m+[0m[0m resource "azurerm_lb_nat_rule" "dev_ops_project" {
      [32m+[0m [0m[1m[0mbackend_ip_configuration_id[0m[0m    = (known after apply)
      [32m+[0m [0m[1m[0mbackend_port[0m[0m                   = 443
      [32m+[0m [0m[1m[0menable_floating_ip[0m[0m             = (known after apply)
      [32m+[0m [0m[1m[0mfrontend_ip_configuration_id[0m[0m   = (known after apply)
      [32m+[0m [0m[1m[0mfrontend_ip_configuration_name[0m[0m = "PublicIPAddress"
      [32m+[0m [0m[1m[0mfrontend_port[0m[0m                  = 443
      [32m+[0m [0m[1m[0mid[0m[0m                             = (known after apply)
      [32m+[0m [0m[1m[0midle_timeout_in_minutes[0m[0m        = (known after apply)
      [32m+[0m [0m[1m[0mloadbalancer_id[0m[0m                = (known after apply)
      [32m+[0m [0m[1m[0mname[0m[0m                           = "azureDevOpsCourse-HTTPSAccess"
      [32m+[0m [0m[1m[0mprotocol[0m[0m                       = "tcp"
      [32m+[0m [0m[1m[0mresource_group_name[0m[0m            = "azureDevOpsCourse-resources"
    }

[1m  # azurerm_linux_virtual_machine.dev_ops_project[0][0m will be created[0m[0m
[0m  [32m+[0m[0m resource "azurerm_linux_virtual_machine" "dev_ops_project" {
      [32m+[0m [0m[1m[0madmin_password[0m[0m                  = (sensitive value)
      [32m+[0m [0m[1m[0madmin_username[0m[0m                  = "administrator2"
      [32m+[0m [0m[1m[0mallow_extension_operations[0m[0m      = true
      [32m+[0m [0m[1m[0mavailability_set_id[0m[0m             = (known after apply)
      [32m+[0m [0m[1m[0mcomputer_name[0m[0m                   = (known after apply)
      [32m+[0m [0m[1m[0mdisable_password_authentication[0m[0m = false
      [32m+[0m [0m[1m[0mextensions_time_budget[0m[0m          = "PT1H30M"
      [32m+[0m [0m[1m[0mid[0m[0m                              = (known after apply)
      [32m+[0m [0m[1m[0mlocation[0m[0m                        = "westeurope"
      [32m+[0m [0m[1m[0mmax_bid_price[0m[0m                   = -1
      [32m+[0m [0m[1m[0mname[0m[0m                            = "azureDevOpsCourse-vm0"
      [32m+[0m [0m[1m[0mnetwork_interface_ids[0m[0m           = (known after apply)
      [32m+[0m [0m[1m[0mpriority[0m[0m                        = "Regular"
      [32m+[0m [0m[1m[0mprivate_ip_address[0m[0m              = (known after apply)
      [32m+[0m [0m[1m[0mprivate_ip_addresses[0m[0m            = (known after apply)
      [32m+[0m [0m[1m[0mprovision_vm_agent[0m[0m              = true
      [32m+[0m [0m[1m[0mpublic_ip_address[0m[0m               = (known after apply)
      [32m+[0m [0m[1m[0mpublic_ip_addresses[0m[0m             = (known after apply)
      [32m+[0m [0m[1m[0mresource_group_name[0m[0m             = "azureDevOpsCourse-resources"
      [32m+[0m [0m[1m[0msize[0m[0m                            = "Standard_B1s"
      [32m+[0m [0m[1m[0mvirtual_machine_id[0m[0m              = (known after apply)
      [32m+[0m [0m[1m[0mzone[0m[0m                            = (known after apply)

      [32m+[0m [0mos_disk {
          [32m+[0m [0m[1m[0mcaching[0m[0m                   = "ReadWrite"
          [32m+[0m [0m[1m[0mdisk_size_gb[0m[0m              = (known after apply)
          [32m+[0m [0m[1m[0mname[0m[0m                      = (known after apply)
          [32m+[0m [0m[1m[0mstorage_account_type[0m[0m      = "Standard_LRS"
          [32m+[0m [0m[1m[0mwrite_accelerator_enabled[0m[0m = false
        }

      [32m+[0m [0msource_image_reference {
          [32m+[0m [0m[1m[0moffer[0m[0m     = "UbuntuServer"
          [32m+[0m [0m[1m[0mpublisher[0m[0m = "Canonical"
          [32m+[0m [0m[1m[0msku[0m[0m       = "18.04-LTS"
          [32m+[0m [0m[1m[0mversion[0m[0m   = "latest"
        }
    }

[1m  # azurerm_linux_virtual_machine.dev_ops_project[1][0m will be created[0m[0m
[0m  [32m+[0m[0m resource "azurerm_linux_virtual_machine" "dev_ops_project" {
      [32m+[0m [0m[1m[0madmin_password[0m[0m                  = (sensitive value)
      [32m+[0m [0m[1m[0madmin_username[0m[0m                  = "administrator2"
      [32m+[0m [0m[1m[0mallow_extension_operations[0m[0m      = true
      [32m+[0m [0m[1m[0mavailability_set_id[0m[0m             = (known after apply)
      [32m+[0m [0m[1m[0mcomputer_name[0m[0m                   = (known after apply)
      [32m+[0m [0m[1m[0mdisable_password_authentication[0m[0m = false
      [32m+[0m [0m[1m[0mextensions_time_budget[0m[0m          = "PT1H30M"
      [32m+[0m [0m[1m[0mid[0m[0m                              = (known after apply)
      [32m+[0m [0m[1m[0mlocation[0m[0m                        = "westeurope"
      [32m+[0m [0m[1m[0mmax_bid_price[0m[0m                   = -1
      [32m+[0m [0m[1m[0mname[0m[0m                            = "azureDevOpsCourse-vm1"
      [32m+[0m [0m[1m[0mnetwork_interface_ids[0m[0m           = (known after apply)
      [32m+[0m [0m[1m[0mpriority[0m[0m                        = "Regular"
      [32m+[0m [0m[1m[0mprivate_ip_address[0m[0m              = (known after apply)
      [32m+[0m [0m[1m[0mprivate_ip_addresses[0m[0m            = (known after apply)
      [32m+[0m [0m[1m[0mprovision_vm_agent[0m[0m              = true
      [32m+[0m [0m[1m[0mpublic_ip_address[0m[0m               = (known after apply)
      [32m+[0m [0m[1m[0mpublic_ip_addresses[0m[0m             = (known after apply)
      [32m+[0m [0m[1m[0mresource_group_name[0m[0m             = "azureDevOpsCourse-resources"
      [32m+[0m [0m[1m[0msize[0m[0m                            = "Standard_B1s"
      [32m+[0m [0m[1m[0mvirtual_machine_id[0m[0m              = (known after apply)
      [32m+[0m [0m[1m[0mzone[0m[0m                            = (known after apply)

      [32m+[0m [0mos_disk {
          [32m+[0m [0m[1m[0mcaching[0m[0m                   = "ReadWrite"
          [32m+[0m [0m[1m[0mdisk_size_gb[0m[0m              = (known after apply)
          [32m+[0m [0m[1m[0mname[0m[0m                      = (known after apply)
          [32m+[0m [0m[1m[0mstorage_account_type[0m[0m      = "Standard_LRS"
          [32m+[0m [0m[1m[0mwrite_accelerator_enabled[0m[0m = false
        }

      [32m+[0m [0msource_image_reference {
          [32m+[0m [0m[1m[0moffer[0m[0m     = "UbuntuServer"
          [32m+[0m [0m[1m[0mpublisher[0m[0m = "Canonical"
          [32m+[0m [0m[1m[0msku[0m[0m       = "18.04-LTS"
          [32m+[0m [0m[1m[0mversion[0m[0m   = "latest"
        }
    }

[1m  # azurerm_managed_disk.dev_ops_project[0][0m will be created[0m[0m
[0m  [32m+[0m[0m resource "azurerm_managed_disk" "dev_ops_project" {
      [32m+[0m [0m[1m[0mcreate_option[0m[0m        = "Empty"
      [32m+[0m [0m[1m[0mdisk_iops_read_write[0m[0m = (known after apply)
      [32m+[0m [0m[1m[0mdisk_mbps_read_write[0m[0m = (known after apply)
      [32m+[0m [0m[1m[0mdisk_size_gb[0m[0m         = 1
      [32m+[0m [0m[1m[0mid[0m[0m                   = (known after apply)
      [32m+[0m [0m[1m[0mlocation[0m[0m             = "westeurope"
      [32m+[0m [0m[1m[0mname[0m[0m                 = "azureDevOpsCourse-data0"
      [32m+[0m [0m[1m[0mresource_group_name[0m[0m  = "azureDevOpsCourse-resources"
      [32m+[0m [0m[1m[0msource_uri[0m[0m           = (known after apply)
      [32m+[0m [0m[1m[0mstorage_account_type[0m[0m = "Standard_LRS"
    }

[1m  # azurerm_managed_disk.dev_ops_project[1][0m will be created[0m[0m
[0m  [32m+[0m[0m resource "azurerm_managed_disk" "dev_ops_project" {
      [32m+[0m [0m[1m[0mcreate_option[0m[0m        = "Empty"
      [32m+[0m [0m[1m[0mdisk_iops_read_write[0m[0m = (known after apply)
      [32m+[0m [0m[1m[0mdisk_mbps_read_write[0m[0m = (known after apply)
      [32m+[0m [0m[1m[0mdisk_size_gb[0m[0m         = 1
      [32m+[0m [0m[1m[0mid[0m[0m                   = (known after apply)
      [32m+[0m [0m[1m[0mlocation[0m[0m             = "westeurope"
      [32m+[0m [0m[1m[0mname[0m[0m                 = "azureDevOpsCourse-data1"
      [32m+[0m [0m[1m[0mresource_group_name[0m[0m  = "azureDevOpsCourse-resources"
      [32m+[0m [0m[1m[0msource_uri[0m[0m           = (known after apply)
      [32m+[0m [0m[1m[0mstorage_account_type[0m[0m = "Standard_LRS"
    }

[1m  # azurerm_network_interface.dev_ops_project[0][0m will be created[0m[0m
[0m  [32m+[0m[0m resource "azurerm_network_interface" "dev_ops_project" {
      [32m+[0m [0m[1m[0mapplied_dns_servers[0m[0m           = (known after apply)
      [32m+[0m [0m[1m[0mdns_servers[0m[0m                   = (known after apply)
      [32m+[0m [0m[1m[0menable_accelerated_networking[0m[0m = false
      [32m+[0m [0m[1m[0menable_ip_forwarding[0m[0m          = false
      [32m+[0m [0m[1m[0mid[0m[0m                            = (known after apply)
      [32m+[0m [0m[1m[0minternal_dns_name_label[0m[0m       = (known after apply)
      [32m+[0m [0m[1m[0minternal_domain_name_suffix[0m[0m   = (known after apply)
      [32m+[0m [0m[1m[0mlocation[0m[0m                      = "westeurope"
      [32m+[0m [0m[1m[0mmac_address[0m[0m                   = (known after apply)
      [32m+[0m [0m[1m[0mname[0m[0m                          = "azureDevOpsCourse-nic0"
      [32m+[0m [0m[1m[0mprivate_ip_address[0m[0m            = (known after apply)
      [32m+[0m [0m[1m[0mprivate_ip_addresses[0m[0m          = (known after apply)
      [32m+[0m [0m[1m[0mresource_group_name[0m[0m           = "azureDevOpsCourse-resources"
      [32m+[0m [0m[1m[0mvirtual_machine_id[0m[0m            = (known after apply)

      [32m+[0m [0mip_configuration {
          [32m+[0m [0m[1m[0mname[0m[0m                          = "azureDevOpsCourse-primary"
          [32m+[0m [0m[1m[0mprimary[0m[0m                       = (known after apply)
          [32m+[0m [0m[1m[0mprivate_ip_address[0m[0m            = (known after apply)
          [32m+[0m [0m[1m[0mprivate_ip_address_allocation[0m[0m = "dynamic"
          [32m+[0m [0m[1m[0mprivate_ip_address_version[0m[0m    = "IPv4"
          [32m+[0m [0m[1m[0msubnet_id[0m[0m                     = (known after apply)
        }
    }

[1m  # azurerm_network_interface.dev_ops_project[1][0m will be created[0m[0m
[0m  [32m+[0m[0m resource "azurerm_network_interface" "dev_ops_project" {
      [32m+[0m [0m[1m[0mapplied_dns_servers[0m[0m           = (known after apply)
      [32m+[0m [0m[1m[0mdns_servers[0m[0m                   = (known after apply)
      [32m+[0m [0m[1m[0menable_accelerated_networking[0m[0m = false
      [32m+[0m [0m[1m[0menable_ip_forwarding[0m[0m          = false
      [32m+[0m [0m[1m[0mid[0m[0m                            = (known after apply)
      [32m+[0m [0m[1m[0minternal_dns_name_label[0m[0m       = (known after apply)
      [32m+[0m [0m[1m[0minternal_domain_name_suffix[0m[0m   = (known after apply)
      [32m+[0m [0m[1m[0mlocation[0m[0m                      = "westeurope"
      [32m+[0m [0m[1m[0mmac_address[0m[0m                   = (known after apply)
      [32m+[0m [0m[1m[0mname[0m[0m                          = "azureDevOpsCourse-nic1"
      [32m+[0m [0m[1m[0mprivate_ip_address[0m[0m            = (known after apply)
      [32m+[0m [0m[1m[0mprivate_ip_addresses[0m[0m          = (known after apply)
      [32m+[0m [0m[1m[0mresource_group_name[0m[0m           = "azureDevOpsCourse-resources"
      [32m+[0m [0m[1m[0mvirtual_machine_id[0m[0m            = (known after apply)

      [32m+[0m [0mip_configuration {
          [32m+[0m [0m[1m[0mname[0m[0m                          = "azureDevOpsCourse-primary"
          [32m+[0m [0m[1m[0mprimary[0m[0m                       = (known after apply)
          [32m+[0m [0m[1m[0mprivate_ip_address[0m[0m            = (known after apply)
          [32m+[0m [0m[1m[0mprivate_ip_address_allocation[0m[0m = "dynamic"
          [32m+[0m [0m[1m[0mprivate_ip_address_version[0m[0m    = "IPv4"
          [32m+[0m [0m[1m[0msubnet_id[0m[0m                     = (known after apply)
        }
    }

[1m  # azurerm_network_interface_backend_address_pool_association.dev_ops_project[0][0m will be created[0m[0m
[0m  [32m+[0m[0m resource "azurerm_network_interface_backend_address_pool_association" "dev_ops_project" {
      [32m+[0m [0m[1m[0mbackend_address_pool_id[0m[0m = (known after apply)
      [32m+[0m [0m[1m[0mid[0m[0m                      = (known after apply)
      [32m+[0m [0m[1m[0mip_configuration_name[0m[0m   = "azureDevOpsCourse-primary"
      [32m+[0m [0m[1m[0mnetwork_interface_id[0m[0m    = (known after apply)
    }

[1m  # azurerm_network_interface_backend_address_pool_association.dev_ops_project[1][0m will be created[0m[0m
[0m  [32m+[0m[0m resource "azurerm_network_interface_backend_address_pool_association" "dev_ops_project" {
      [32m+[0m [0m[1m[0mbackend_address_pool_id[0m[0m = (known after apply)
      [32m+[0m [0m[1m[0mid[0m[0m                      = (known after apply)
      [32m+[0m [0m[1m[0mip_configuration_name[0m[0m   = "azureDevOpsCourse-primary"
      [32m+[0m [0m[1m[0mnetwork_interface_id[0m[0m    = (known after apply)
    }

[1m  # azurerm_network_interface_security_group_association.main[0][0m will be created[0m[0m
[0m  [32m+[0m[0m resource "azurerm_network_interface_security_group_association" "main" {
      [32m+[0m [0m[1m[0mid[0m[0m                        = (known after apply)
      [32m+[0m [0m[1m[0mnetwork_interface_id[0m[0m      = (known after apply)
      [32m+[0m [0m[1m[0mnetwork_security_group_id[0m[0m = (known after apply)
    }

[1m  # azurerm_network_interface_security_group_association.main[1][0m will be created[0m[0m
[0m  [32m+[0m[0m resource "azurerm_network_interface_security_group_association" "main" {
      [32m+[0m [0m[1m[0mid[0m[0m                        = (known after apply)
      [32m+[0m [0m[1m[0mnetwork_interface_id[0m[0m      = (known after apply)
      [32m+[0m [0m[1m[0mnetwork_security_group_id[0m[0m = (known after apply)
    }

[1m  # azurerm_network_security_group.webserver[0m will be created[0m[0m
[0m  [32m+[0m[0m resource "azurerm_network_security_group" "webserver" {
      [32m+[0m [0m[1m[0mid[0m[0m                  = (known after apply)
      [32m+[0m [0m[1m[0mlocation[0m[0m            = "westeurope"
      [32m+[0m [0m[1m[0mname[0m[0m                = "azureDevOpsCourse-tls_webserver"
      [32m+[0m [0m[1m[0mresource_group_name[0m[0m = "azureDevOpsCourse-resources"
      [32m+[0m [0m[1m[0msecurity_rule[0m[0m       = [
          [32m+[0m [0m{
              [32m+[0m [0maccess                                     = "Allow"
              [32m+[0m [0mdescription                                = ""
              [32m+[0m [0mdestination_address_prefix                 = ""
              [32m+[0m [0mdestination_address_prefixes               = (known after apply)
              [32m+[0m [0mdestination_application_security_group_ids = []
              [32m+[0m [0mdestination_port_range                     = "*"
              [32m+[0m [0mdestination_port_ranges                    = []
              [32m+[0m [0mdirection                                  = "Inbound"
              [32m+[0m [0mname                                       = "AllowIncomingFromSubnetVMs"
              [32m+[0m [0mpriority                                   = 100
              [32m+[0m [0mprotocol                                   = "*"
              [32m+[0m [0msource_address_prefix                      = "VirtualNetwork"
              [32m+[0m [0msource_address_prefixes                    = []
              [32m+[0m [0msource_application_security_group_ids      = []
              [32m+[0m [0msource_port_range                          = "*"
              [32m+[0m [0msource_port_ranges                         = []
            },
          [32m+[0m [0m{
              [32m+[0m [0maccess                                     = "Allow"
              [32m+[0m [0mdescription                                = ""
              [32m+[0m [0mdestination_address_prefix                 = ""
              [32m+[0m [0mdestination_address_prefixes               = (known after apply)
              [32m+[0m [0mdestination_application_security_group_ids = []
              [32m+[0m [0mdestination_port_range                     = "*"
              [32m+[0m [0mdestination_port_ranges                    = []
              [32m+[0m [0mdirection                                  = "Outbound"
              [32m+[0m [0mname                                       = "AllowOutgoingToSubmnetVMs"
              [32m+[0m [0mpriority                                   = 100
              [32m+[0m [0mprotocol                                   = "*"
              [32m+[0m [0msource_address_prefix                      = "VirtualNetwork"
              [32m+[0m [0msource_address_prefixes                    = []
              [32m+[0m [0msource_application_security_group_ids      = []
              [32m+[0m [0msource_port_range                          = "*"
              [32m+[0m [0msource_port_ranges                         = []
            },
          [32m+[0m [0m{
              [32m+[0m [0maccess                                     = "Deny"
              [32m+[0m [0mdescription                                = ""
              [32m+[0m [0mdestination_address_prefix                 = ""
              [32m+[0m [0mdestination_address_prefixes               = (known after apply)
              [32m+[0m [0mdestination_application_security_group_ids = []
              [32m+[0m [0mdestination_port_range                     = "*"
              [32m+[0m [0mdestination_port_ranges                    = []
              [32m+[0m [0mdirection                                  = "Inbound"
              [32m+[0m [0mname                                       = "DenyIncomingFromInternet"
              [32m+[0m [0mpriority                                   = 101
              [32m+[0m [0mprotocol                                   = "*"
              [32m+[0m [0msource_address_prefix                      = "Internet"
              [32m+[0m [0msource_address_prefixes                    = []
              [32m+[0m [0msource_application_security_group_ids      = []
              [32m+[0m [0msource_port_range                          = "*"
              [32m+[0m [0msource_port_ranges                         = []
            },
          [32m+[0m [0m{
              [32m+[0m [0maccess                                     = "Deny"
              [32m+[0m [0mdescription                                = ""
              [32m+[0m [0mdestination_address_prefix                 = ""
              [32m+[0m [0mdestination_address_prefixes               = (known after apply)
              [32m+[0m [0mdestination_application_security_group_ids = []
              [32m+[0m [0mdestination_port_range                     = "*"
              [32m+[0m [0mdestination_port_ranges                    = []
              [32m+[0m [0mdirection                                  = "Outbound"
              [32m+[0m [0mname                                       = "DenyOutgoingToInternet"
              [32m+[0m [0mpriority                                   = 101
              [32m+[0m [0mprotocol                                   = "*"
              [32m+[0m [0msource_address_prefix                      = "Internet"
              [32m+[0m [0msource_address_prefixes                    = []
              [32m+[0m [0msource_application_security_group_ids      = []
              [32m+[0m [0msource_port_range                          = "*"
              [32m+[0m [0msource_port_ranges                         = []
            },
        ]
    }

[1m  # azurerm_public_ip.pip[0m will be created[0m[0m
[0m  [32m+[0m[0m resource "azurerm_public_ip" "pip" {
      [32m+[0m [0m[1m[0mallocation_method[0m[0m       = "Dynamic"
      [32m+[0m [0m[1m[0mfqdn[0m[0m                    = (known after apply)
      [32m+[0m [0m[1m[0mid[0m[0m                      = (known after apply)
      [32m+[0m [0m[1m[0midle_timeout_in_minutes[0m[0m = 4
      [32m+[0m [0m[1m[0mip_address[0m[0m              = (known after apply)
      [32m+[0m [0m[1m[0mip_version[0m[0m              = "IPv4"
      [32m+[0m [0m[1m[0mlocation[0m[0m                = "westeurope"
      [32m+[0m [0m[1m[0mname[0m[0m                    = "azureDevOpsCourse-pip"
      [32m+[0m [0m[1m[0mresource_group_name[0m[0m     = "azureDevOpsCourse-resources"
      [32m+[0m [0m[1m[0msku[0m[0m                     = "Basic"
    }

[1m  # azurerm_resource_group.dev_ops_project[0m will be created[0m[0m
[0m  [32m+[0m[0m resource "azurerm_resource_group" "dev_ops_project" {
      [32m+[0m [0m[1m[0mid[0m[0m       = (known after apply)
      [32m+[0m [0m[1m[0mlocation[0m[0m = "westeurope"
      [32m+[0m [0m[1m[0mname[0m[0m     = "azureDevOpsCourse-resources"
    }

[1m  # azurerm_subnet.dev_ops_project[0m will be created[0m[0m
[0m  [32m+[0m[0m resource "azurerm_subnet" "dev_ops_project" {
      [32m+[0m [0m[1m[0maddress_prefix[0m[0m                                 = (known after apply)
      [32m+[0m [0m[1m[0maddress_prefixes[0m[0m                               = [
          [32m+[0m [0m"10.0.2.0/24",
        ]
      [32m+[0m [0m[1m[0menforce_private_link_endpoint_network_policies[0m[0m = false
      [32m+[0m [0m[1m[0menforce_private_link_service_network_policies[0m[0m  = false
      [32m+[0m [0m[1m[0mid[0m[0m                                             = (known after apply)
      [32m+[0m [0m[1m[0mname[0m[0m                                           = "azureDevOpsCourse-primary"
      [32m+[0m [0m[1m[0mresource_group_name[0m[0m                            = "azureDevOpsCourse-resources"
      [32m+[0m [0m[1m[0mvirtual_network_name[0m[0m                           = "azureDevOpsCourse-network"
    }

[1m  # azurerm_virtual_machine_data_disk_attachment.data[0][0m will be created[0m[0m
[0m  [32m+[0m[0m resource "azurerm_virtual_machine_data_disk_attachment" "data" {
      [32m+[0m [0m[1m[0mcaching[0m[0m                   = "None"
      [32m+[0m [0m[1m[0mcreate_option[0m[0m             = "Attach"
      [32m+[0m [0m[1m[0mid[0m[0m                        = (known after apply)
      [32m+[0m [0m[1m[0mlun[0m[0m                       = 0
      [32m+[0m [0m[1m[0mmanaged_disk_id[0m[0m           = (known after apply)
      [32m+[0m [0m[1m[0mvirtual_machine_id[0m[0m        = (known after apply)
      [32m+[0m [0m[1m[0mwrite_accelerator_enabled[0m[0m = false
    }

[1m  # azurerm_virtual_machine_data_disk_attachment.data[1][0m will be created[0m[0m
[0m  [32m+[0m[0m resource "azurerm_virtual_machine_data_disk_attachment" "data" {
      [32m+[0m [0m[1m[0mcaching[0m[0m                   = "None"
      [32m+[0m [0m[1m[0mcreate_option[0m[0m             = "Attach"
      [32m+[0m [0m[1m[0mid[0m[0m                        = (known after apply)
      [32m+[0m [0m[1m[0mlun[0m[0m                       = 1
      [32m+[0m [0m[1m[0mmanaged_disk_id[0m[0m           = (known after apply)
      [32m+[0m [0m[1m[0mvirtual_machine_id[0m[0m        = (known after apply)
      [32m+[0m [0m[1m[0mwrite_accelerator_enabled[0m[0m = false
    }

[1m  # azurerm_virtual_network.dev_ops_project[0m will be created[0m[0m
[0m  [32m+[0m[0m resource "azurerm_virtual_network" "dev_ops_project" {
      [32m+[0m [0m[1m[0maddress_space[0m[0m         = [
          [32m+[0m [0m"10.0.0.0/16",
        ]
      [32m+[0m [0m[1m[0mguid[0m[0m                  = (known after apply)
      [32m+[0m [0m[1m[0mid[0m[0m                    = (known after apply)
      [32m+[0m [0m[1m[0mlocation[0m[0m              = "westeurope"
      [32m+[0m [0m[1m[0mname[0m[0m                  = "azureDevOpsCourse-network"
      [32m+[0m [0m[1m[0mresource_group_name[0m[0m   = "azureDevOpsCourse-resources"
      [32m+[0m [0m[1m[0msubnet[0m[0m                = (known after apply)
      [32m+[0m [0m[1m[0mvm_protection_enabled[0m[0m = false
    }

[0m[1mPlan:[0m 21 to add, 0 to change, 0 to destroy.[0m

------------------------------------------------------------------------

Note: You didn't specify an "-out" parameter to save this plan, so Terraform
can't guarantee that exactly these actions will be performed if
"terraform apply" is subsequently run.

